
Microsoft Visual Studio Solution File, Format Version 12.00
# Visual Studio Version 16
VisualStudioVersion = 16.0.31829.152
MinimumVisualStudioVersion = 10.0.40219.1
Project("{FAE04EC0-301F-11D3-BF4B-00C04F79EFBC}") = "Task_5.1", "Task_5.1\Task_5.1.csproj", "{57E51D8F-C35B-48D0-AF6B-B5FE9A92D96C}"
EndProject
Global
	GlobalSection(SolutionConfigurationPlatforms) = preSolution
		Debug|Any CPU = Debug|Any CPU
		Release|Any CPU = Release|Any CPU
	EndGlobalSection
	GlobalSection(ProjectConfigurationPlatforms) = postSolution
		{57E51D8F-C35B-48D0-AF6B-B5FE9A92D96C}.Debug|Any CPU.ActiveCfg = Debug|Any CPU
		{57E51D8F-C35B-48D0-AF6B-B5FE9A92D96C}.Debug|Any CPU.Build.0 = Debug|Any CPU
		{57E51D8F-C35B-48D0-AF6B-B5FE9A92D96C}.Release|Any CPU.ActiveCfg = Release|Any CPU
		{57E51D8F-C35B-48D0-AF6B-B5FE9A92D96C}.Release|Any CPU.Build.0 = Release|Any CPU
	EndGlobalSection
	GlobalSection(SolutionProperties) = preSolution
		HideSolutionNode = FALSE
	EndGlobalSection
	GlobalSection(ExtensibilityGlobals) = postSolution
		SolutionGuid = {ACAEE8FB-1073-4B94-ADD9-D4373B7E6EFF}
	EndGlobalSection
EndGlobal
